
Microsoft Visual Studio Solution File, Format Version 12.00
# Visual Studio Version 16
VisualStudioVersion = 16.0.30804.86
MinimumVisualStudioVersion = 10.0.40219.1
Project("{9A19103F-16F7-4668-BE54-9A1E7A4F7556}") = "Kaisa.Sample", "Kaisa.Sample\Kaisa.Sample.csproj", "{FF0458E5-39D7-4F6F-B51E-FCF5D6A147DF}"
EndProject
Project("{9A19103F-16F7-4668-BE54-9A1E7A4F7556}") = "Kaisa", "Kaisa\Kaisa.csproj", "{7FE09251-152C-4A54-A67C-6ACCF32A2C36}"
EndProject
Project("{2150E333-8FDC-42A3-9474-1A3956D46DE8}") = "Solution Items", "Solution Items", "{149F2F45-3A82-4476-B727-D73AC1BEF8CB}"
	ProjectSection(SolutionItems) = preProject
		.editorconfig = .editorconfig
		Directory.Build.props = Directory.Build.props
	EndProjectSection
EndProject
Global
	GlobalSection(SolutionConfigurationPlatforms) = preSolution
		Debug|Any CPU = Debug|Any CPU
		Release|Any CPU = Release|Any CPU
	EndGlobalSection
	GlobalSection(ProjectConfigurationPlatforms) = postSolution
		{FF0458E5-39D7-4F6F-B51E-FCF5D6A147DF}.Debug|Any CPU.ActiveCfg = Debug|Any CPU
		{FF0458E5-39D7-4F6F-B51E-FCF5D6A147DF}.Debug|Any CPU.Build.0 = Debug|Any CPU
		{FF0458E5-39D7-4F6F-B51E-FCF5D6A147DF}.Release|Any CPU.ActiveCfg = Release|Any CPU
		{FF0458E5-39D7-4F6F-B51E-FCF5D6A147DF}.Release|Any CPU.Build.0 = Release|Any CPU
		{7FE09251-152C-4A54-A67C-6ACCF32A2C36}.Debug|Any CPU.ActiveCfg = Debug|Any CPU
		{7FE09251-152C-4A54-A67C-6ACCF32A2C36}.Debug|Any CPU.Build.0 = Debug|Any CPU
		{7FE09251-152C-4A54-A67C-6ACCF32A2C36}.Release|Any CPU.ActiveCfg = Release|Any CPU
		{7FE09251-152C-4A54-A67C-6ACCF32A2C36}.Release|Any CPU.Build.0 = Release|Any CPU
	EndGlobalSection
	GlobalSection(SolutionProperties) = preSolution
		HideSolutionNode = FALSE
	EndGlobalSection
	GlobalSection(ExtensibilityGlobals) = postSolution
		SolutionGuid = {7AD8072A-770A-47D3-B26A-AED05D4180CD}
	EndGlobalSection
EndGlobal
